// !$*UTF8*$!
{
	archiveVersion = 1;
	classes = {
	};
	objectVersion = 46;
	objects = {

/* Begin PBXBuildFile section */
		77B20DDF19F67E8200F827A3 /* Foundation.framework in Frameworks */ = {isa = PBXBuildFile; fileRef = 77B20DDE19F67E8200F827A3 /* Foundation.framework */; };
		77B20DE219F67E8200F827A3 /* main.m in Sources */ = {isa = PBXBuildFile; fileRef = 77B20DE119F67E8200F827A3 /* main.m */; };
		77B20DE619F67E8200F827A3 /* __GeneratingMatrixWithoutFunction.1 in CopyFiles */ = {isa = PBXBuildFile; fileRef = 77B20DE519F67E8200F827A3 /* __GeneratingMatrixWithoutFunction.1 */; };
/* End PBXBuildFile section */

/* Begin PBXCopyFilesBuildPhase section */
		77B20DD919F67E8200F827A3 /* CopyFiles */ = {
			isa = PBXCopyFilesBuildPhase;
			buildActionMask = 2147483647;
			dstPath = /usr/share/man/man1/;
			dstSubfolderSpec = 0;
			files = (
				77B20DE619F67E8200F827A3 /* __GeneratingMatrixWithoutFunction.1 in CopyFiles */,
			);
			runOnlyForDeploymentPostprocessing = 1;
		};
/* End PBXCopyFilesBuildPhase section */

/* Begin PBXFileReference section */
		77B20DDB19F67E8200F827A3 /* 1-GeneratingMatrixWithoutFunction */ = {isa = PBXFileReference; explicitFileType = "compiled.mach-o.executable"; includeInIndex = 0; path = "1-GeneratingMatrixWithoutFunction"; sourceTree = BUILT_PRODUCTS_DIR; };
		77B20DDE19F67E8200F827A3 /* Foundation.framework */ = {isa = PBXFileReference; lastKnownFileType = wrapper.framework; name = Foundation.framework; path = System/Library/Frameworks/Foundation.framework; sourceTree = SDKROOT; };
		77B20DE119F67E8200F827A3 /* main.m */ = {isa = PBXFileReference; lastKnownFileType = sourcecode.c.objc; path = main.m; sourceTree = "<group>"; };
		77B20DE419F67E8200F827A3 /* 1-GeneratingMatrixWithoutFunction-Prefix.pch */ = {isa = PBXFileReference; lastKnownFileType = sourcecode.c.h; path = "1-GeneratingMatrixWithoutFunction-Prefix.pch"; sourceTree = "<group>"; };
		77B20DE519F67E8200F827A3 /* __GeneratingMatrixWithoutFunction.1 */ = {isa = PBXFileReference; lastKnownFileType = text.man; path = __GeneratingMatrixWithoutFunction.1; sourceTree = "<group>"; };
/* End PBXFileReference section */

/* Begin PBXFrameworksBuildPhase section */
		77B20DD819F67E8200F827A3 /* Frameworks */ = {
			isa = PBXFrameworksBuildPhase;
			buildActionMask = 2147483647;
			files = (
				77B20DDF19F67E8200F827A3 /* Foundation.framework in Frameworks */,
			);
			runOnlyForDeploymentPostprocessing = 0;
		};
/* End PBXFrameworksBuildPhase section */

/* Begin PBXGroup section */
		77B20DD219F67E8200F827A3 = {
			isa = PBXGroup;
			children = (
				77B20DE019F67E8200F827A3 /* 1-GeneratingMatrixWithoutFunction */,
				77B20DDD19F67E8200F827A3 /* Frameworks */,
				77B20DDC19F67E8200F827A3 /* Products */,
			);
			sourceTree = "<group>";
		};
		77B20DDC19F67E8200F827A3 /* Products */ = {
			isa = PBXGroup;
			children = (
				77B20DDB19F67E8200F827A3 /* 1-GeneratingMatrixWithoutFunction */,
			);
			name = Products;
			sourceTree = "<group>";
		};
		77B20DDD19F67E8200F827A3 /* Frameworks */ = {
			isa = PBXGroup;
			children = (
				77B20DDE19F67E8200F827A3 /* Foundation.framework */,
			);
			name = Frameworks;
			sourceTree = "<group>";
		};
		77B20DE019F67E8200F827A3 /* 1-GeneratingMatrixWithoutFunction */ = {
			isa = PBXGroup;
			children = (
				77B20DE119F67E8200F827A3 /* main.m */,
				77B20DE519F67E8200F827A3 /* __GeneratingMatrixWithoutFunction.1 */,
				77B20DE319F67E8200F827A3 /* Supporting Files */,
			);
			path = "1-GeneratingMatrixWithoutFunction";
			sourceTree = "<group>";
		};
		77B20DE319F67E8200F827A3 /* Supporting Files */ = {
			isa = PBXGroup;
			children = (
				77B20DE419F67E8200F827A3 /* 1-GeneratingMatrixWithoutFunction-Prefix.pch */,
			);
			name = "Supporting Files";
			sourceTree = "<group>";
		};
/* End PBXGroup section */

/* Begin PBXNativeTarget section */
		77B20DDA19F67E8200F827A3 /* 1-GeneratingMatrixWithoutFunction */ = {
			isa = PBXNativeTarget;
			buildConfigurationList = 77B20DE919F67E8200F827A3 /* Build configuration list for PBXNativeTarget "1-GeneratingMatrixWithoutFunction" */;
			buildPhases = (
				77B20DD719F67E8200F827A3 /* Sources */,
				77B20DD819F67E8200F827A3 /* Frameworks */,
				77B20DD919F67E8200F827A3 /* CopyFiles */,
			);
			buildRules = (
			);
			dependencies = (
			);
			name = "1-GeneratingMatrixWithoutFunction";
			productName = "1-GeneratingMatrixWithoutFunction";
			productReference = 77B20DDB19F67E8200F827A3 /* 1-GeneratingMatrixWithoutFunction */;
			productType = "com.apple.product-type.tool";
		};
/* End PBXNativeTarget section */

/* Begin PBXProject section */
		77B20DD319F67E8200F827A3 /* Project object */ = {
			isa = PBXProject;
			attributes = {
				LastUpgradeCheck = 0510;
				ORGANIZATIONNAME = "___FULLUSERNAME___";
			};
			buildConfigurationList = 77B20DD619F67E8200F827A3 /* Build configuration list for PBXProject "1-GeneratingMatrixWithoutFunction" */;
			compatibilityVersion = "Xcode 3.2";
			developmentRegion = English;
			hasScannedForEncodings = 0;
			knownRegions = (
				en,
			);
			mainGroup = 77B20DD219F67E8200F827A3;
			productRefGroup = 77B20DDC19F67E8200F827A3 /* Products */;
			projectDirPath = "";
			projectRoot = "";
			targets = (
				77B20DDA19F67E8200F827A3 /* 1-GeneratingMatrixWithoutFunction */,
			);
		};
/* End PBXProject section */

/* Begin PBXSourcesBuildPhase section */
		77B20DD719F67E8200F827A3 /* Sources */ = {
			isa = PBXSourcesBuildPhase;
			buildActionMask = 2147483647;
			files = (
				77B20DE219F67E8200F827A3 /* main.m in Sources */,
			);
			runOnlyForDeploymentPostprocessing = 0;
		};
/* End PBXSourcesBuildPhase section */

/* Begin XCBuildConfiguration section */
		77B20DE719F67E8200F827A3 /* Debug */ = {
			isa = XCBuildConfiguration;
			buildSettings = {
				ALWAYS_SEARCH_USER_PATHS = NO;
				CLANG_CXX_LANGUAGE_STANDARD = "gnu++0x";
				CLANG_CXX_LIBRARY = "libc++";
				CLANG_ENABLE_MODULES = YES;
				CLANG_ENABLE_OBJC_ARC = YES;
				CLANG_WARN_BOOL_CONVERSION = YES;
				CLANG_WARN_CONSTANT_CONVERSION = YES;
				CLANG_WARN_DIRECT_OBJC_ISA_USAGE = YES_ERROR;
				CLANG_WARN_EMPTY_BODY = YES;
				CLANG_WARN_ENUM_CONVERSION = YES;
				CLANG_WARN_INT_CONVERSION = YES;
				CLANG_WARN_OBJC_ROOT_CLASS = YES_ERROR;
				CLANG_WARN__DUPLICATE_METHOD_MATCH = YES;
				COPY_PHASE_STRIP = NO;
				GCC_C_LANGUAGE_STANDARD = gnu99;
				GCC_DYNAMIC_NO_PIC = NO;
				GCC_ENABLE_OBJC_EXCEPTIONS = YES;
				GCC_OPTIMIZATION_LEVEL = 0;
				GCC_PREPROCESSOR_DEFINITIONS = (
					"DEBUG=1",
					"$(inherited)",
				);
				GCC_SYMBOLS_PRIVATE_EXTERN = NO;
				GCC_WARN_64_TO_32_BIT_CONVERSION = YES;
				GCC_WARN_ABOUT_RETURN_TYPE = YES_ERROR;
				GCC_WARN_UNDECLARED_SELECTOR = YES;
				GCC_WARN_UNINITIALIZED_AUTOS = YES_AGGRESSIVE;
				GCC_WARN_UNUSED_FUNCTION = YES;
				GCC_WARN_UNUSED_VARIABLE = YES;
				MACOSX_DEPLOYMENT_TARGET = 10.9;
				ONLY_ACTIVE_ARCH = YES;
				SDKROOT = macosx;
			};
			name = Debug;
		};
		77B20DE819F67E8200F827A3 /* Release */ = {
			isa = XCBuildConfiguration;
			buildSettings = {
				ALWAYS_SEARCH_USER_PATHS = NO;
				CLANG_CXX_LANGUAGE_STANDARD = "gnu++0x";
				CLANG_CXX_LIBRARY = "libc++";
				CLANG_ENABLE_MODULES = YES;
				CLANG_ENABLE_OBJC_ARC = YES;
				CLANG_WARN_BOOL_CONVERSION = YES;
				CLANG_WARN_CONSTANT_CONVERSION = YES;
				CLANG_WARN_DIRECT_OBJC_ISA_USAGE = YES_ERROR;
				CLANG_WARN_EMPTY_BODY = YES;
				CLANG_WARN_ENUM_CONVERSION = YES;
				CLANG_WARN_INT_CONVERSION = YES;
				CLANG_WARN_OBJC_ROOT_CLASS = YES_ERROR;
				CLANG_WARN__DUPLICATE_METHOD_MATCH = YES;
				COPY_PHASE_STRIP = YES;
				DEBUG_INFORMATION_FORMAT = "dwarf-with-dsym";
				ENABLE_NS_ASSERTIONS = NO;
				GCC_C_LANGUAGE_STANDARD = gnu99;
				GCC_ENABLE_OBJC_EXCEPTIONS = YES;
				GCC_WARN_64_TO_32_BIT_CONVERSION = YES;
				GCC_WARN_ABOUT_RETURN_TYPE = YES_ERROR;
				GCC_WARN_UNDECLARED_SELECTOR = YES;
				GCC_WARN_UNINITIALIZED_AUTOS = YES_AGGRESSIVE;
				GCC_WARN_UNUSED_FUNCTION = YES;
				GCC_WARN_UNUSED_VARIABLE = YES;
				MACOSX_DEPLOYMENT_TARGET = 10.9;
				SDKROOT = macosx;
			};
			name = Release;
		};
		77B20DEA19F67E8200F827A3 /* Debug */ = {
			isa = XCBuildConfiguration;
			buildSettings = {
				GCC_PRECOMPILE_PREFIX_HEADER = YES;
				GCC_PREFIX_HEADER = "1-GeneratingMatrixWithoutFunction/1-GeneratingMatrixWithoutFunction-Prefix.pch";
				PRODUCT_NAME = "$(TARGET_NAME)";
			};
			name = Debug;
		};
		77B20DEB19F67E8200F827A3 /* Release */ = {
			isa = XCBuildConfiguration;
			buildSettings = {
				GCC_PRECOMPILE_PREFIX_HEADER = YES;
				GCC_PREFIX_HEADER = "1-GeneratingMatrixWithoutFunction/1-GeneratingMatrixWithoutFunction-Prefix.pch";
				PRODUCT_NAME = "$(TARGET_NAME)";
			};
			name = Release;
		};
/* End XCBuildConfiguration section */

/* Begin XCConfigurationList section */
		77B20DD619F67E8200F827A3 /* Build configuration list for PBXProject "1-GeneratingMatrixWithoutFunction" */ = {
			isa = XCConfigurationList;
			buildConfigurations = (
				77B20DE719F67E8200F827A3 /* Debug */,
				77B20DE819F67E8200F827A3 /* Release */,
			);
			defaultConfigurationIsVisible = 0;
			defaultConfigurationName = Release;
		};
		77B20DE919F67E8200F827A3 /* Build configuration list for PBXNativeTarget "1-GeneratingMatrixWithoutFunction" */ = {
			isa = XCConfigurationList;
			buildConfigurations = (
				77B20DEA19F67E8200F827A3 /* Debug */,
				77B20DEB19F67E8200F827A3 /* Release */,
			);
			defaultConfigurationIsVisible = 0;
		};
/* End XCConfigurationList section */
	};
	rootObject = 77B20DD319F67E8200F827A3 /* Project object */;
}
